
Microsoft Visual Studio Solution File, Format Version 12.00
# Visual Studio 2013
VisualStudioVersion = 12.0.31101.0
MinimumVisualStudioVersion = 10.0.40219.1
Project("{FAE04EC0-301F-11D3-BF4B-00C04F79EFBC}") = "Geomoir", "Geomoir\Geomoir.csproj", "{9C9F0255-5C12-4ADA-96BA-5E1AC834E79D}"
EndProject
Project("{FAE04EC0-301F-11D3-BF4B-00C04F79EFBC}") = "Geomoir Tracker", "Geomoir Tracker\Geomoir Tracker.csproj", "{C9EFDAA8-964C-4043-9A46-FD2F19C31ABB}"
EndProject
Project("{FAE04EC0-301F-11D3-BF4B-00C04F79EFBC}") = "Geomoir.Data", "Geomoir.Data\Geomoir.Data.csproj", "{2E72F876-41B4-49A1-8BCE-630A911AC04D}"
EndProject
Project("{FAE04EC0-301F-11D3-BF4B-00C04F79EFBC}") = "ShapeFileToQuadTree", "ShapeFileToQuadTree\ShapeFileToQuadTree.csproj", "{29B1BAD3-AE5F-4E68-B71C-F4E362339D99}"
EndProject
Project("{FAE04EC0-301F-11D3-BF4B-00C04F79EFBC}") = "Geomoir Tracker Agent", "Geomoir Tracker Agent\Geomoir Tracker Agent.csproj", "{3C7D0931-5C18-4587-8F87-573B1398EEFF}"
EndProject
Project("{FAE04EC0-301F-11D3-BF4B-00C04F79EFBC}") = "Geomoir Tracker Lib", "Geomoir Tracker Lib\Geomoir Tracker Lib.csproj", "{E89C8486-4D84-4D0D-A674-2A414897077A}"
EndProject
Global
	GlobalSection(SolutionConfigurationPlatforms) = preSolution
		Debug|Any CPU = Debug|Any CPU
		Debug|ARM = Debug|ARM
		Debug|Mixed Platforms = Debug|Mixed Platforms
		Debug|Win32 = Debug|Win32
		Debug|x64 = Debug|x64
		Debug|x86 = Debug|x86
		Release|Any CPU = Release|Any CPU
		Release|ARM = Release|ARM
		Release|Mixed Platforms = Release|Mixed Platforms
		Release|Win32 = Release|Win32
		Release|x64 = Release|x64
		Release|x86 = Release|x86
	EndGlobalSection
	GlobalSection(ProjectConfigurationPlatforms) = postSolution
		{9C9F0255-5C12-4ADA-96BA-5E1AC834E79D}.Debug|Any CPU.ActiveCfg = Debug|ARM
		{9C9F0255-5C12-4ADA-96BA-5E1AC834E79D}.Debug|Any CPU.Build.0 = Debug|ARM
		{9C9F0255-5C12-4ADA-96BA-5E1AC834E79D}.Debug|Any CPU.Deploy.0 = Debug|ARM
		{9C9F0255-5C12-4ADA-96BA-5E1AC834E79D}.Debug|ARM.ActiveCfg = Debug|x86
		{9C9F0255-5C12-4ADA-96BA-5E1AC834E79D}.Debug|ARM.Build.0 = Debug|x86
		{9C9F0255-5C12-4ADA-96BA-5E1AC834E79D}.Debug|ARM.Deploy.0 = Debug|x86
		{9C9F0255-5C12-4ADA-96BA-5E1AC834E79D}.Debug|Mixed Platforms.ActiveCfg = Debug|x86
		{9C9F0255-5C12-4ADA-96BA-5E1AC834E79D}.Debug|Mixed Platforms.Build.0 = Debug|x86
		{9C9F0255-5C12-4ADA-96BA-5E1AC834E79D}.Debug|Mixed Platforms.Deploy.0 = Debug|x86
		{9C9F0255-5C12-4ADA-96BA-5E1AC834E79D}.Debug|Win32.ActiveCfg = Debug|x86
		{9C9F0255-5C12-4ADA-96BA-5E1AC834E79D}.Debug|Win32.Build.0 = Debug|x86
		{9C9F0255-5C12-4ADA-96BA-5E1AC834E79D}.Debug|Win32.Deploy.0 = Debug|x86
		{9C9F0255-5C12-4ADA-96BA-5E1AC834E79D}.Debug|x64.ActiveCfg = Debug|x64
		{9C9F0255-5C12-4ADA-96BA-5E1AC834E79D}.Debug|x64.Build.0 = Debug|x64
		{9C9F0255-5C12-4ADA-96BA-5E1AC834E79D}.Debug|x64.Deploy.0 = Debug|x64
		{9C9F0255-5C12-4ADA-96BA-5E1AC834E79D}.Debug|x86.ActiveCfg = Debug|x86
		{9C9F0255-5C12-4ADA-96BA-5E1AC834E79D}.Debug|x86.Build.0 = Debug|x86
		{9C9F0255-5C12-4ADA-96BA-5E1AC834E79D}.Debug|x86.Deploy.0 = Debug|x86
		{9C9F0255-5C12-4ADA-96BA-5E1AC834E79D}.Release|Any CPU.ActiveCfg = Release|Any CPU
		{9C9F0255-5C12-4ADA-96BA-5E1AC834E79D}.Release|Any CPU.Build.0 = Release|Any CPU
		{9C9F0255-5C12-4ADA-96BA-5E1AC834E79D}.Release|Any CPU.Deploy.0 = Release|Any CPU
		{9C9F0255-5C12-4ADA-96BA-5E1AC834E79D}.Release|ARM.ActiveCfg = Release|ARM
		{9C9F0255-5C12-4ADA-96BA-5E1AC834E79D}.Release|ARM.Build.0 = Release|ARM
		{9C9F0255-5C12-4ADA-96BA-5E1AC834E79D}.Release|ARM.Deploy.0 = Release|ARM
		{9C9F0255-5C12-4ADA-96BA-5E1AC834E79D}.Release|Mixed Platforms.ActiveCfg = Release|x86
		{9C9F0255-5C12-4ADA-96BA-5E1AC834E79D}.Release|Mixed Platforms.Build.0 = Release|x86
		{9C9F0255-5C12-4ADA-96BA-5E1AC834E79D}.Release|Mixed Platforms.Deploy.0 = Release|x86
		{9C9F0255-5C12-4ADA-96BA-5E1AC834E79D}.Release|Win32.ActiveCfg = Release|x86
		{9C9F0255-5C12-4ADA-96BA-5E1AC834E79D}.Release|Win32.Build.0 = Release|x86
		{9C9F0255-5C12-4ADA-96BA-5E1AC834E79D}.Release|Win32.Deploy.0 = Release|x86
		{9C9F0255-5C12-4ADA-96BA-5E1AC834E79D}.Release|x64.ActiveCfg = Release|x64
		{9C9F0255-5C12-4ADA-96BA-5E1AC834E79D}.Release|x64.Build.0 = Release|x64
		{9C9F0255-5C12-4ADA-96BA-5E1AC834E79D}.Release|x64.Deploy.0 = Release|x64
		{9C9F0255-5C12-4ADA-96BA-5E1AC834E79D}.Release|x86.ActiveCfg = Release|x86
		{9C9F0255-5C12-4ADA-96BA-5E1AC834E79D}.Release|x86.Build.0 = Release|x86
		{9C9F0255-5C12-4ADA-96BA-5E1AC834E79D}.Release|x86.Deploy.0 = Release|x86
		{C9EFDAA8-964C-4043-9A46-FD2F19C31ABB}.Debug|Any CPU.ActiveCfg = Debug|Any CPU
		{C9EFDAA8-964C-4043-9A46-FD2F19C31ABB}.Debug|Any CPU.Build.0 = Debug|Any CPU
		{C9EFDAA8-964C-4043-9A46-FD2F19C31ABB}.Debug|Any CPU.Deploy.0 = Debug|Any CPU
		{C9EFDAA8-964C-4043-9A46-FD2F19C31ABB}.Debug|ARM.ActiveCfg = Debug|ARM
		{C9EFDAA8-964C-4043-9A46-FD2F19C31ABB}.Debug|ARM.Build.0 = Debug|ARM
		{C9EFDAA8-964C-4043-9A46-FD2F19C31ABB}.Debug|ARM.Deploy.0 = Debug|ARM
		{C9EFDAA8-964C-4043-9A46-FD2F19C31ABB}.Debug|Mixed Platforms.ActiveCfg = Debug|ARM
		{C9EFDAA8-964C-4043-9A46-FD2F19C31ABB}.Debug|Mixed Platforms.Build.0 = Debug|ARM
		{C9EFDAA8-964C-4043-9A46-FD2F19C31ABB}.Debug|Mixed Platforms.Deploy.0 = Debug|ARM
		{C9EFDAA8-964C-4043-9A46-FD2F19C31ABB}.Debug|Win32.ActiveCfg = Debug|x86
		{C9EFDAA8-964C-4043-9A46-FD2F19C31ABB}.Debug|Win32.Build.0 = Debug|x86
		{C9EFDAA8-964C-4043-9A46-FD2F19C31ABB}.Debug|Win32.Deploy.0 = Debug|x86
		{C9EFDAA8-964C-4043-9A46-FD2F19C31ABB}.Debug|x64.ActiveCfg = Debug|Any CPU
		{C9EFDAA8-964C-4043-9A46-FD2F19C31ABB}.Debug|x86.ActiveCfg = Debug|x86
		{C9EFDAA8-964C-4043-9A46-FD2F19C31ABB}.Debug|x86.Build.0 = Debug|x86
		{C9EFDAA8-964C-4043-9A46-FD2F19C31ABB}.Debug|x86.Deploy.0 = Debug|x86
		{C9EFDAA8-964C-4043-9A46-FD2F19C31ABB}.Release|Any CPU.ActiveCfg = Release|Any CPU
		{C9EFDAA8-964C-4043-9A46-FD2F19C31ABB}.Release|Any CPU.Build.0 = Release|Any CPU
		{C9EFDAA8-964C-4043-9A46-FD2F19C31ABB}.Release|Any CPU.Deploy.0 = Release|Any CPU
		{C9EFDAA8-964C-4043-9A46-FD2F19C31ABB}.Release|ARM.ActiveCfg = Release|ARM
		{C9EFDAA8-964C-4043-9A46-FD2F19C31ABB}.Release|ARM.Build.0 = Release|ARM
		{C9EFDAA8-964C-4043-9A46-FD2F19C31ABB}.Release|ARM.Deploy.0 = Release|ARM
		{C9EFDAA8-964C-4043-9A46-FD2F19C31ABB}.Release|Mixed Platforms.ActiveCfg = Release|x86
		{C9EFDAA8-964C-4043-9A46-FD2F19C31ABB}.Release|Mixed Platforms.Build.0 = Release|x86
		{C9EFDAA8-964C-4043-9A46-FD2F19C31ABB}.Release|Mixed Platforms.Deploy.0 = Release|x86
		{C9EFDAA8-964C-4043-9A46-FD2F19C31ABB}.Release|Win32.ActiveCfg = Release|x86
		{C9EFDAA8-964C-4043-9A46-FD2F19C31ABB}.Release|Win32.Build.0 = Release|x86
		{C9EFDAA8-964C-4043-9A46-FD2F19C31ABB}.Release|Win32.Deploy.0 = Release|x86
		{C9EFDAA8-964C-4043-9A46-FD2F19C31ABB}.Release|x64.ActiveCfg = Release|Any CPU
		{C9EFDAA8-964C-4043-9A46-FD2F19C31ABB}.Release|x86.ActiveCfg = Release|x86
		{C9EFDAA8-964C-4043-9A46-FD2F19C31ABB}.Release|x86.Build.0 = Release|x86
		{C9EFDAA8-964C-4043-9A46-FD2F19C31ABB}.Release|x86.Deploy.0 = Release|x86
		{2E72F876-41B4-49A1-8BCE-630A911AC04D}.Debug|Any CPU.ActiveCfg = Debug|Any CPU
		{2E72F876-41B4-49A1-8BCE-630A911AC04D}.Debug|Any CPU.Build.0 = Debug|Any CPU
		{2E72F876-41B4-49A1-8BCE-630A911AC04D}.Debug|ARM.ActiveCfg = Debug|Any CPU
		{2E72F876-41B4-49A1-8BCE-630A911AC04D}.Debug|ARM.Build.0 = Debug|Any CPU
		{2E72F876-41B4-49A1-8BCE-630A911AC04D}.Debug|Mixed Platforms.ActiveCfg = Debug|Any CPU
		{2E72F876-41B4-49A1-8BCE-630A911AC04D}.Debug|Mixed Platforms.Build.0 = Debug|Any CPU
		{2E72F876-41B4-49A1-8BCE-630A911AC04D}.Debug|Win32.ActiveCfg = Debug|Any CPU
		{2E72F876-41B4-49A1-8BCE-630A911AC04D}.Debug|x64.ActiveCfg = Debug|Any CPU
		{2E72F876-41B4-49A1-8BCE-630A911AC04D}.Debug|x86.ActiveCfg = Debug|Any CPU
		{2E72F876-41B4-49A1-8BCE-630A911AC04D}.Debug|x86.Build.0 = Debug|Any CPU
		{2E72F876-41B4-49A1-8BCE-630A911AC04D}.Release|Any CPU.ActiveCfg = Release|Any CPU
		{2E72F876-41B4-49A1-8BCE-630A911AC04D}.Release|Any CPU.Build.0 = Release|Any CPU
		{2E72F876-41B4-49A1-8BCE-630A911AC04D}.Release|ARM.ActiveCfg = Release|Any CPU
		{2E72F876-41B4-49A1-8BCE-630A911AC04D}.Release|Mixed Platforms.ActiveCfg = Release|Any CPU
		{2E72F876-41B4-49A1-8BCE-630A911AC04D}.Release|Mixed Platforms.Build.0 = Release|Any CPU
		{2E72F876-41B4-49A1-8BCE-630A911AC04D}.Release|Win32.ActiveCfg = Release|Any CPU
		{2E72F876-41B4-49A1-8BCE-630A911AC04D}.Release|x64.ActiveCfg = Release|Any CPU
		{2E72F876-41B4-49A1-8BCE-630A911AC04D}.Release|x86.ActiveCfg = Release|Any CPU
		{29B1BAD3-AE5F-4E68-B71C-F4E362339D99}.Debug|Any CPU.ActiveCfg = Debug|Any CPU
		{29B1BAD3-AE5F-4E68-B71C-F4E362339D99}.Debug|Any CPU.Build.0 = Debug|Any CPU
		{29B1BAD3-AE5F-4E68-B71C-F4E362339D99}.Debug|ARM.ActiveCfg = Debug|Any CPU
		{29B1BAD3-AE5F-4E68-B71C-F4E362339D99}.Debug|ARM.Build.0 = Debug|Any CPU
		{29B1BAD3-AE5F-4E68-B71C-F4E362339D99}.Debug|Mixed Platforms.ActiveCfg = Debug|Any CPU
		{29B1BAD3-AE5F-4E68-B71C-F4E362339D99}.Debug|Mixed Platforms.Build.0 = Debug|Any CPU
		{29B1BAD3-AE5F-4E68-B71C-F4E362339D99}.Debug|Win32.ActiveCfg = Debug|Any CPU
		{29B1BAD3-AE5F-4E68-B71C-F4E362339D99}.Debug|x64.ActiveCfg = Debug|Any CPU
		{29B1BAD3-AE5F-4E68-B71C-F4E362339D99}.Debug|x86.ActiveCfg = Debug|Any CPU
		{29B1BAD3-AE5F-4E68-B71C-F4E362339D99}.Debug|x86.Build.0 = Debug|Any CPU
		{29B1BAD3-AE5F-4E68-B71C-F4E362339D99}.Release|Any CPU.ActiveCfg = Release|Any CPU
		{29B1BAD3-AE5F-4E68-B71C-F4E362339D99}.Release|Any CPU.Build.0 = Release|Any CPU
		{29B1BAD3-AE5F-4E68-B71C-F4E362339D99}.Release|ARM.ActiveCfg = Release|Any CPU
		{29B1BAD3-AE5F-4E68-B71C-F4E362339D99}.Release|Mixed Platforms.ActiveCfg = Release|Any CPU
		{29B1BAD3-AE5F-4E68-B71C-F4E362339D99}.Release|Mixed Platforms.Build.0 = Release|Any CPU
		{29B1BAD3-AE5F-4E68-B71C-F4E362339D99}.Release|Win32.ActiveCfg = Release|Any CPU
		{29B1BAD3-AE5F-4E68-B71C-F4E362339D99}.Release|x64.ActiveCfg = Release|Any CPU
		{29B1BAD3-AE5F-4E68-B71C-F4E362339D99}.Release|x86.ActiveCfg = Release|Any CPU
		{3C7D0931-5C18-4587-8F87-573B1398EEFF}.Debug|Any CPU.ActiveCfg = Debug|Any CPU
		{3C7D0931-5C18-4587-8F87-573B1398EEFF}.Debug|Any CPU.Build.0 = Debug|Any CPU
		{3C7D0931-5C18-4587-8F87-573B1398EEFF}.Debug|ARM.ActiveCfg = Debug|ARM
		{3C7D0931-5C18-4587-8F87-573B1398EEFF}.Debug|ARM.Build.0 = Debug|ARM
		{3C7D0931-5C18-4587-8F87-573B1398EEFF}.Debug|Mixed Platforms.ActiveCfg = Debug|x86
		{3C7D0931-5C18-4587-8F87-573B1398EEFF}.Debug|Mixed Platforms.Build.0 = Debug|x86
		{3C7D0931-5C18-4587-8F87-573B1398EEFF}.Debug|Win32.ActiveCfg = Debug|x86
		{3C7D0931-5C18-4587-8F87-573B1398EEFF}.Debug|Win32.Build.0 = Debug|x86
		{3C7D0931-5C18-4587-8F87-573B1398EEFF}.Debug|x64.ActiveCfg = Debug|Any CPU
		{3C7D0931-5C18-4587-8F87-573B1398EEFF}.Debug|x86.ActiveCfg = Debug|x86
		{3C7D0931-5C18-4587-8F87-573B1398EEFF}.Debug|x86.Build.0 = Debug|x86
		{3C7D0931-5C18-4587-8F87-573B1398EEFF}.Release|Any CPU.ActiveCfg = Release|Any CPU
		{3C7D0931-5C18-4587-8F87-573B1398EEFF}.Release|Any CPU.Build.0 = Release|Any CPU
		{3C7D0931-5C18-4587-8F87-573B1398EEFF}.Release|ARM.ActiveCfg = Release|ARM
		{3C7D0931-5C18-4587-8F87-573B1398EEFF}.Release|ARM.Build.0 = Release|ARM
		{3C7D0931-5C18-4587-8F87-573B1398EEFF}.Release|Mixed Platforms.ActiveCfg = Release|x86
		{3C7D0931-5C18-4587-8F87-573B1398EEFF}.Release|Mixed Platforms.Build.0 = Release|x86
		{3C7D0931-5C18-4587-8F87-573B1398EEFF}.Release|Win32.ActiveCfg = Release|x86
		{3C7D0931-5C18-4587-8F87-573B1398EEFF}.Release|Win32.Build.0 = Release|x86
		{3C7D0931-5C18-4587-8F87-573B1398EEFF}.Release|x64.ActiveCfg = Release|Any CPU
		{3C7D0931-5C18-4587-8F87-573B1398EEFF}.Release|x86.ActiveCfg = Release|x86
		{3C7D0931-5C18-4587-8F87-573B1398EEFF}.Release|x86.Build.0 = Release|x86
		{E89C8486-4D84-4D0D-A674-2A414897077A}.Debug|Any CPU.ActiveCfg = Debug|Any CPU
		{E89C8486-4D84-4D0D-A674-2A414897077A}.Debug|Any CPU.Build.0 = Debug|Any CPU
		{E89C8486-4D84-4D0D-A674-2A414897077A}.Debug|ARM.ActiveCfg = Debug|ARM
		{E89C8486-4D84-4D0D-A674-2A414897077A}.Debug|ARM.Build.0 = Debug|ARM
		{E89C8486-4D84-4D0D-A674-2A414897077A}.Debug|Mixed Platforms.ActiveCfg = Debug|x86
		{E89C8486-4D84-4D0D-A674-2A414897077A}.Debug|Mixed Platforms.Build.0 = Debug|x86
		{E89C8486-4D84-4D0D-A674-2A414897077A}.Debug|Win32.ActiveCfg = Debug|x86
		{E89C8486-4D84-4D0D-A674-2A414897077A}.Debug|Win32.Build.0 = Debug|x86
		{E89C8486-4D84-4D0D-A674-2A414897077A}.Debug|x64.ActiveCfg = Debug|Any CPU
		{E89C8486-4D84-4D0D-A674-2A414897077A}.Debug|x86.ActiveCfg = Debug|x86
		{E89C8486-4D84-4D0D-A674-2A414897077A}.Debug|x86.Build.0 = Debug|x86
		{E89C8486-4D84-4D0D-A674-2A414897077A}.Release|Any CPU.ActiveCfg = Release|Any CPU
		{E89C8486-4D84-4D0D-A674-2A414897077A}.Release|Any CPU.Build.0 = Release|Any CPU
		{E89C8486-4D84-4D0D-A674-2A414897077A}.Release|ARM.ActiveCfg = Release|ARM
		{E89C8486-4D84-4D0D-A674-2A414897077A}.Release|ARM.Build.0 = Release|ARM
		{E89C8486-4D84-4D0D-A674-2A414897077A}.Release|Mixed Platforms.ActiveCfg = Release|x86
		{E89C8486-4D84-4D0D-A674-2A414897077A}.Release|Mixed Platforms.Build.0 = Release|x86
		{E89C8486-4D84-4D0D-A674-2A414897077A}.Release|Win32.ActiveCfg = Release|x86
		{E89C8486-4D84-4D0D-A674-2A414897077A}.Release|Win32.Build.0 = Release|x86
		{E89C8486-4D84-4D0D-A674-2A414897077A}.Release|x64.ActiveCfg = Release|Any CPU
		{E89C8486-4D84-4D0D-A674-2A414897077A}.Release|x86.ActiveCfg = Release|x86
		{E89C8486-4D84-4D0D-A674-2A414897077A}.Release|x86.Build.0 = Release|x86
	EndGlobalSection
	GlobalSection(SolutionProperties) = preSolution
		HideSolutionNode = FALSE
	EndGlobalSection
EndGlobal
